lockfileVersion: 5.4

specifiers:
  '@ziothh/vanilla': ^0.0.5

dependencies:
  '@ziothh/vanilla': 0.0.5

packages:

  /@ziothh/vanilla-base/0.0.3:
    resolution: {integrity: sha512-I+zLSYqdwArMhz9THyltD4vbGuxPn9Opk3lPo2KYr4X0ZKS+I/zhPsrwiXgRnGeX68THhfQn+J3zFOjPJ3ktcA==}
    dev: false

  /@ziothh/vanilla-components/0.0.3:
    resolution: {integrity: sha512-PJKvqBsna8LZFc4tmCEaQbPuAdzHehK7AD7ChxJeF5xpLKQ+EVQOnK5liswS7x5olTK0esJhQ+RwacplPhVuvQ==}
    dependencies:
      '@ziothh/vanilla-base': 0.0.3
    dev: false

  /@ziothh/vanilla/0.0.5:
    resolution: {integrity: sha512-dIFOkkYQxekjkTo8rXuvo4TdEudFtiRdLGXnDZPy44oR/HLd5j2xwKmlgef18dwX2P7QTkmt27lZN6Jw3p7uWA==}
    dependencies:
      '@ziothh/vanilla-base': 0.0.3
      '@ziothh/vanilla-components': 0.0.3
    dev: false
